
Microsoft Visual Studio Solution File, Format Version 12.00
# Visual Studio Version 16
VisualStudioVersion = 16.0.30717.126
MinimumVisualStudioVersion = 10.0.40219.1
Project("{FAE04EC0-301F-11D3-BF4B-00C04F79EFBC}") = "BasicsAndTools", "IntroToCompGraphicsPractise\BasicsAndTools.csproj", "{6097FC33-F9DD-45E0-90ED-A56ED7410017}"
EndProject
Project("{FAE04EC0-301F-11D3-BF4B-00C04F79EFBC}") = "MouseHandling", "MouseHandling\MouseHandling.csproj", "{73D094A6-D886-43CD-B389-B56430429006}"
EndProject
Project("{FAE04EC0-301F-11D3-BF4B-00C04F79EFBC}") = "LineAlgorithms", "LineAlgorithms\LineAlgorithms.csproj", "{FF7711AD-063C-4A09-BE93-7967196E68DF}"
EndProject
Project("{FAE04EC0-301F-11D3-BF4B-00C04F79EFBC}") = "CircleAlgorithms", "CircleAlgorithms\CircleAlgorithms.csproj", "{B15D1E95-022B-484D-85C0-21D6DB532A64}"
EndProject
Project("{FAE04EC0-301F-11D3-BF4B-00C04F79EFBC}") = "ParametricCircle", "ParametricCurves\ParametricCircle.csproj", "{286A4ED2-6C48-4BAA-BF62-CBC2A877E87D}"
EndProject
Project("{FAE04EC0-301F-11D3-BF4B-00C04F79EFBC}") = "HermitArc", "HermitArc\HermitArc.csproj", "{9DE0ACA7-F975-4386-80E5-0B1D7A334ED4}"
EndProject
Global
	GlobalSection(SolutionConfigurationPlatforms) = preSolution
		Debug|Any CPU = Debug|Any CPU
		Release|Any CPU = Release|Any CPU
	EndGlobalSection
	GlobalSection(ProjectConfigurationPlatforms) = postSolution
		{6097FC33-F9DD-45E0-90ED-A56ED7410017}.Debug|Any CPU.ActiveCfg = Debug|Any CPU
		{6097FC33-F9DD-45E0-90ED-A56ED7410017}.Debug|Any CPU.Build.0 = Debug|Any CPU
		{6097FC33-F9DD-45E0-90ED-A56ED7410017}.Release|Any CPU.ActiveCfg = Release|Any CPU
		{6097FC33-F9DD-45E0-90ED-A56ED7410017}.Release|Any CPU.Build.0 = Release|Any CPU
		{73D094A6-D886-43CD-B389-B56430429006}.Debug|Any CPU.ActiveCfg = Debug|Any CPU
		{73D094A6-D886-43CD-B389-B56430429006}.Debug|Any CPU.Build.0 = Debug|Any CPU
		{73D094A6-D886-43CD-B389-B56430429006}.Release|Any CPU.ActiveCfg = Release|Any CPU
		{73D094A6-D886-43CD-B389-B56430429006}.Release|Any CPU.Build.0 = Release|Any CPU
		{FF7711AD-063C-4A09-BE93-7967196E68DF}.Debug|Any CPU.ActiveCfg = Debug|Any CPU
		{FF7711AD-063C-4A09-BE93-7967196E68DF}.Debug|Any CPU.Build.0 = Debug|Any CPU
		{FF7711AD-063C-4A09-BE93-7967196E68DF}.Release|Any CPU.ActiveCfg = Release|Any CPU
		{FF7711AD-063C-4A09-BE93-7967196E68DF}.Release|Any CPU.Build.0 = Release|Any CPU
		{B15D1E95-022B-484D-85C0-21D6DB532A64}.Debug|Any CPU.ActiveCfg = Debug|Any CPU
		{B15D1E95-022B-484D-85C0-21D6DB532A64}.Debug|Any CPU.Build.0 = Debug|Any CPU
		{B15D1E95-022B-484D-85C0-21D6DB532A64}.Release|Any CPU.ActiveCfg = Release|Any CPU
		{B15D1E95-022B-484D-85C0-21D6DB532A64}.Release|Any CPU.Build.0 = Release|Any CPU
		{286A4ED2-6C48-4BAA-BF62-CBC2A877E87D}.Debug|Any CPU.ActiveCfg = Debug|Any CPU
		{286A4ED2-6C48-4BAA-BF62-CBC2A877E87D}.Debug|Any CPU.Build.0 = Debug|Any CPU
		{286A4ED2-6C48-4BAA-BF62-CBC2A877E87D}.Release|Any CPU.ActiveCfg = Release|Any CPU
		{286A4ED2-6C48-4BAA-BF62-CBC2A877E87D}.Release|Any CPU.Build.0 = Release|Any CPU
		{9DE0ACA7-F975-4386-80E5-0B1D7A334ED4}.Debug|Any CPU.ActiveCfg = Debug|Any CPU
		{9DE0ACA7-F975-4386-80E5-0B1D7A334ED4}.Debug|Any CPU.Build.0 = Debug|Any CPU
		{9DE0ACA7-F975-4386-80E5-0B1D7A334ED4}.Release|Any CPU.ActiveCfg = Release|Any CPU
		{9DE0ACA7-F975-4386-80E5-0B1D7A334ED4}.Release|Any CPU.Build.0 = Release|Any CPU
	EndGlobalSection
	GlobalSection(SolutionProperties) = preSolution
		HideSolutionNode = FALSE
	EndGlobalSection
	GlobalSection(ExtensibilityGlobals) = postSolution
		SolutionGuid = {8926831B-28D6-4C85-8CC2-0CE1C4211598}
	EndGlobalSection
EndGlobal
