
Microsoft Visual Studio Solution File, Format Version 12.00
# Visual Studio Version 16
VisualStudioVersion = 16.0.30717.126
MinimumVisualStudioVersion = 10.0.40219.1
Project("{FAE04EC0-301F-11D3-BF4B-00C04F79EFBC}") = "BasicsAndTools", "IntroToCompGraphicsPractise\BasicsAndTools.csproj", "{6097FC33-F9DD-45E0-90ED-A56ED7410017}"
EndProject
Project("{FAE04EC0-301F-11D3-BF4B-00C04F79EFBC}") = "MouseHandling", "MouseHandling\MouseHandling.csproj", "{73D094A6-D886-43CD-B389-B56430429006}"
EndProject
Global
	GlobalSection(SolutionConfigurationPlatforms) = preSolution
		Debug|Any CPU = Debug|Any CPU
		Release|Any CPU = Release|Any CPU
	EndGlobalSection
	GlobalSection(ProjectConfigurationPlatforms) = postSolution
		{6097FC33-F9DD-45E0-90ED-A56ED7410017}.Debug|Any CPU.ActiveCfg = Debug|Any CPU
		{6097FC33-F9DD-45E0-90ED-A56ED7410017}.Debug|Any CPU.Build.0 = Debug|Any CPU
		{6097FC33-F9DD-45E0-90ED-A56ED7410017}.Release|Any CPU.ActiveCfg = Release|Any CPU
		{6097FC33-F9DD-45E0-90ED-A56ED7410017}.Release|Any CPU.Build.0 = Release|Any CPU
		{73D094A6-D886-43CD-B389-B56430429006}.Debug|Any CPU.ActiveCfg = Debug|Any CPU
		{73D094A6-D886-43CD-B389-B56430429006}.Debug|Any CPU.Build.0 = Debug|Any CPU
		{73D094A6-D886-43CD-B389-B56430429006}.Release|Any CPU.ActiveCfg = Release|Any CPU
		{73D094A6-D886-43CD-B389-B56430429006}.Release|Any CPU.Build.0 = Release|Any CPU
	EndGlobalSection
	GlobalSection(SolutionProperties) = preSolution
		HideSolutionNode = FALSE
	EndGlobalSection
	GlobalSection(ExtensibilityGlobals) = postSolution
		SolutionGuid = {8926831B-28D6-4C85-8CC2-0CE1C4211598}
	EndGlobalSection
EndGlobal
